
Microsoft Visual Studio Solution File, Format Version 12.00
# Visual Studio Version 16
VisualStudioVersion = 16.0.31112.23
MinimumVisualStudioVersion = 10.0.40219.1
Project("{9A19103F-16F7-4668-BE54-9A1E7A4F7556}") = "Play.Common", "Play.Common\Play.Common.csproj", "{D76820E2-82C5-44A3-9338-70E285D0D729}"
EndProject
Project("{2150E333-8FDC-42A3-9474-1A3956D46DE8}") = "Nuget Project Packages", "Nuget Project Packages", "{E393E5D4-3E8A-4072-A142-20CA18AA2BAD}"
	ProjectSection(SolutionItems) = preProject
		..\..\..\..\packages\Play.Catalog.Contracts.1.0.0.nupkg = ..\..\..\..\packages\Play.Catalog.Contracts.1.0.0.nupkg
		..\..\..\..\packages\Play.Common.1.0.0.nupkg = ..\..\..\..\packages\Play.Common.1.0.0.nupkg
		..\..\..\..\packages\Play.Common.1.0.2.nupkg = ..\..\..\..\packages\Play.Common.1.0.2.nupkg
		..\..\..\..\packages\Play.Common.1.0.3.nupkg = ..\..\..\..\packages\Play.Common.1.0.3.nupkg
		..\..\..\..\packages\Play.Common.1.0.4.nupkg = ..\..\..\..\packages\Play.Common.1.0.4.nupkg
	EndProjectSection
EndProject
Global
	GlobalSection(SolutionConfigurationPlatforms) = preSolution
		Debug|Any CPU = Debug|Any CPU
		Release|Any CPU = Release|Any CPU
	EndGlobalSection
	GlobalSection(ProjectConfigurationPlatforms) = postSolution
		{D76820E2-82C5-44A3-9338-70E285D0D729}.Debug|Any CPU.ActiveCfg = Debug|Any CPU
		{D76820E2-82C5-44A3-9338-70E285D0D729}.Debug|Any CPU.Build.0 = Debug|Any CPU
		{D76820E2-82C5-44A3-9338-70E285D0D729}.Release|Any CPU.ActiveCfg = Release|Any CPU
		{D76820E2-82C5-44A3-9338-70E285D0D729}.Release|Any CPU.Build.0 = Release|Any CPU
	EndGlobalSection
	GlobalSection(SolutionProperties) = preSolution
		HideSolutionNode = FALSE
	EndGlobalSection
	GlobalSection(ExtensibilityGlobals) = postSolution
		SolutionGuid = {F3BFCA9A-C7A4-49BB-B6EE-492364BF9567}
	EndGlobalSection
EndGlobal
